
Microsoft Visual Studio Solution File, Format Version 12.00
# Visual Studio Version 17
VisualStudioVersion = 17.9.34616.47
MinimumVisualStudioVersion = 10.0.40219.1
Project("{9A19103F-16F7-4668-BE54-9A1E7A4F7556}") = "ReadersDelight", "ReadersDelight\ReadersDelight.csproj", "{9C1C38DF-2AE8-45E7-B521-051C260572E0}"
EndProject
Global
	GlobalSection(SolutionConfigurationPlatforms) = preSolution
		Debug|Any CPU = Debug|Any CPU
		Release|Any CPU = Release|Any CPU
	EndGlobalSection
	GlobalSection(ProjectConfigurationPlatforms) = postSolution
		{9C1C38DF-2AE8-45E7-B521-051C260572E0}.Debug|Any CPU.ActiveCfg = Debug|Any CPU
		{9C1C38DF-2AE8-45E7-B521-051C260572E0}.Debug|Any CPU.Build.0 = Debug|Any CPU
		{9C1C38DF-2AE8-45E7-B521-051C260572E0}.Release|Any CPU.ActiveCfg = Release|Any CPU
		{9C1C38DF-2AE8-45E7-B521-051C260572E0}.Release|Any CPU.Build.0 = Release|Any CPU
	EndGlobalSection
	GlobalSection(SolutionProperties) = preSolution
		HideSolutionNode = FALSE
	EndGlobalSection
	GlobalSection(ExtensibilityGlobals) = postSolution
		SolutionGuid = {D9C6E47F-418C-4483-B6B3-9354B3881829}
	EndGlobalSection
EndGlobal
